
Microsoft Visual Studio Solution File, Format Version 12.00
# Visual Studio Version 17
VisualStudioVersion = 17.13.35825.156
MinimumVisualStudioVersion = 10.0.40219.1
Project("{FAE04EC0-301F-11D3-BF4B-00C04F79EFBC}") = "janestreetmarch", "janestreetmarch\janestreetmarch.csproj", "{D2317348-34E0-4C3C-9BA1-8EFB94D6F0E7}"
EndProject
Project("{FAE04EC0-301F-11D3-BF4B-00C04F79EFBC}") = "Presentation", "Presentation\Presentation.csproj", "{9EA5B319-8F78-4B5C-BEEE-C6A681385121}"
EndProject
Global
	GlobalSection(SolutionConfigurationPlatforms) = preSolution
		Debug|Any CPU = Debug|Any CPU
		Release|Any CPU = Release|Any CPU
	EndGlobalSection
	GlobalSection(ProjectConfigurationPlatforms) = postSolution
		{D2317348-34E0-4C3C-9BA1-8EFB94D6F0E7}.Debug|Any CPU.ActiveCfg = Debug|Any CPU
		{D2317348-34E0-4C3C-9BA1-8EFB94D6F0E7}.Debug|Any CPU.Build.0 = Debug|Any CPU
		{D2317348-34E0-4C3C-9BA1-8EFB94D6F0E7}.Release|Any CPU.ActiveCfg = Release|Any CPU
		{D2317348-34E0-4C3C-9BA1-8EFB94D6F0E7}.Release|Any CPU.Build.0 = Release|Any CPU
		{9EA5B319-8F78-4B5C-BEEE-C6A681385121}.Debug|Any CPU.ActiveCfg = Debug|Any CPU
		{9EA5B319-8F78-4B5C-BEEE-C6A681385121}.Debug|Any CPU.Build.0 = Debug|Any CPU
		{9EA5B319-8F78-4B5C-BEEE-C6A681385121}.Release|Any CPU.ActiveCfg = Release|Any CPU
		{9EA5B319-8F78-4B5C-BEEE-C6A681385121}.Release|Any CPU.Build.0 = Release|Any CPU
	EndGlobalSection
	GlobalSection(SolutionProperties) = preSolution
		HideSolutionNode = FALSE
	EndGlobalSection
	GlobalSection(ExtensibilityGlobals) = postSolution
		SolutionGuid = {115C2787-3BB7-44D6-B51F-770A5EF0C997}
	EndGlobalSection
EndGlobal
